
Microsoft Visual Studio Solution File, Format Version 12.00
# Visual Studio Version 17
VisualStudioVersion = 17.10.34928.147
MinimumVisualStudioVersion = 10.0.40219.1
Project("{FAE04EC0-301F-11D3-BF4B-00C04F79EFBC}") = "Eşleştirme Oyunuu", "Eşleştirme Oyunuu\Eşleştirme Oyunuu.csproj", "{31C65750-0A5E-415B-AE58-31F2E76B94A9}"
EndProject
Global
	GlobalSection(SolutionConfigurationPlatforms) = preSolution
		Debug|Any CPU = Debug|Any CPU
		Release|Any CPU = Release|Any CPU
	EndGlobalSection
	GlobalSection(ProjectConfigurationPlatforms) = postSolution
		{31C65750-0A5E-415B-AE58-31F2E76B94A9}.Debug|Any CPU.ActiveCfg = Debug|Any CPU
		{31C65750-0A5E-415B-AE58-31F2E76B94A9}.Debug|Any CPU.Build.0 = Debug|Any CPU
		{31C65750-0A5E-415B-AE58-31F2E76B94A9}.Release|Any CPU.ActiveCfg = Release|Any CPU
		{31C65750-0A5E-415B-AE58-31F2E76B94A9}.Release|Any CPU.Build.0 = Release|Any CPU
	EndGlobalSection
	GlobalSection(SolutionProperties) = preSolution
		HideSolutionNode = FALSE
	EndGlobalSection
	GlobalSection(ExtensibilityGlobals) = postSolution
		SolutionGuid = {C1C58C64-B0A0-485B-AAA3-CF11AD891894}
	EndGlobalSection
EndGlobal
